{
  "version": 4,
  "terraform_version": "1.9.0",
  "serial": 4,
  "lineage": "26994abd-a53c-5583-2972-1828f2e4676a",
  "outputs": {},
  "resources": [
    {
      "mode": "managed",
      "type": "github_repository",
      "name": "Cheemathegreat",
      "provider": "provider[\"registry.terraform.io/hashicorp/github\"]",
      "instances": [
        {
          "schema_version": 1,
          "attributes": {
            "allow_auto_merge": false,
            "allow_merge_commit": true,
            "allow_rebase_merge": true,
            "allow_squash_merge": true,
            "allow_update_branch": false,
            "archive_on_destroy": null,
            "archived": false,
            "auto_init": true,
            "default_branch": "main",
            "delete_branch_on_merge": false,
            "description": "My awesome codebase",
            "etag": "W/\"8e730b92c10d433cb17920446eed33668f35ad654b9725475e674af8bd9d7342\"",
            "full_name": "narendrasinghcheema/Cheemathegreat",
            "git_clone_url": "git://github.com/narendrasinghcheema/Cheemathegreat.git",
            "gitignore_template": null,
            "has_discussions": false,
            "has_downloads": false,
            "has_issues": false,
            "has_projects": false,
            "has_wiki": false,
            "homepage_url": "",
            "html_url": "https://github.com/narendrasinghcheema/Cheemathegreat",
            "http_clone_url": "https://github.com/narendrasinghcheema/Cheemathegreat.git",
            "id": "Cheemathegreat",
            "ignore_vulnerability_alerts_during_read": null,
            "is_template": false,
            "license_template": null,
            "merge_commit_message": "PR_TITLE",
            "merge_commit_title": "MERGE_MESSAGE",
            "name": "Cheemathegreat",
            "node_id": "R_kgDOMeqWeA",
            "pages": [],
            "primary_language": "",
            "private": false,
            "repo_id": 837457528,
            "security_and_analysis": [
              {
                "advanced_security": [],
                "secret_scanning": [
                  {
                    "status": "enabled"
                  }
                ],
                "secret_scanning_push_protection": [
                  {
                    "status": "enabled"
                  }
                ]
              }
            ],
            "squash_merge_commit_message": "COMMIT_MESSAGES",
            "squash_merge_commit_title": "COMMIT_OR_PR_TITLE",
            "ssh_clone_url": "git@github.com:narendrasinghcheema/Cheemathegreat.git",
            "svn_url": "https://github.com/narendrasinghcheema/Cheemathegreat",
            "template": [],
            "topics": [],
            "visibility": "public",
            "vulnerability_alerts": false,
            "web_commit_signoff_required": false
          },
          "sensitive_attributes": [],
          "private": "eyJzY2hlbWFfdmVyc2lvbiI6IjEifQ=="
        }
      ]
    }
  ],
  "check_results": null
}
